
Microsoft Visual Studio Solution File, Format Version 12.00
# Visual Studio 2012
Project("{FAE04EC0-301F-11D3-BF4B-00C04F79EFBC}") = "ExemploCamera.Android", "ExemploCamera.Android\ExemploCamera.Android.csproj", "{6ADEEF60-78D6-4C85-B182-449F84572BA3}"
EndProject
Project("{FAE04EC0-301F-11D3-BF4B-00C04F79EFBC}") = "ExemploCamera.iOS", "ExemploCamera.iOS\ExemploCamera.iOS.csproj", "{56E1B727-C36D-4E50-B24F-C25DEF44844B}"
EndProject
Project("{FAE04EC0-301F-11D3-BF4B-00C04F79EFBC}") = "ExemploCamera", "ExemploCamera\ExemploCamera.csproj", "{8DEBE329-3409-4ED7-AFD6-93ED7053107D}"
EndProject
Global
	GlobalSection(SolutionConfigurationPlatforms) = preSolution
		Debug|Any CPU = Debug|Any CPU
		Release|Any CPU = Release|Any CPU
		Debug|iPhoneSimulator = Debug|iPhoneSimulator
		Release|iPhoneSimulator = Release|iPhoneSimulator
		Debug|iPhone = Debug|iPhone
		Release|iPhone = Release|iPhone
		Ad-Hoc|iPhone = Ad-Hoc|iPhone
		AppStore|iPhone = AppStore|iPhone
	EndGlobalSection
	GlobalSection(ProjectConfigurationPlatforms) = postSolution
		{6ADEEF60-78D6-4C85-B182-449F84572BA3}.Debug|Any CPU.ActiveCfg = Debug|Any CPU
		{6ADEEF60-78D6-4C85-B182-449F84572BA3}.Debug|Any CPU.Build.0 = Debug|Any CPU
		{6ADEEF60-78D6-4C85-B182-449F84572BA3}.Release|Any CPU.ActiveCfg = Release|Any CPU
		{6ADEEF60-78D6-4C85-B182-449F84572BA3}.Release|Any CPU.Build.0 = Release|Any CPU
		{6ADEEF60-78D6-4C85-B182-449F84572BA3}.Debug|iPhoneSimulator.ActiveCfg = Debug|Any CPU
		{6ADEEF60-78D6-4C85-B182-449F84572BA3}.Debug|iPhoneSimulator.Build.0 = Debug|Any CPU
		{6ADEEF60-78D6-4C85-B182-449F84572BA3}.Release|iPhoneSimulator.ActiveCfg = Release|Any CPU
		{6ADEEF60-78D6-4C85-B182-449F84572BA3}.Release|iPhoneSimulator.Build.0 = Release|Any CPU
		{6ADEEF60-78D6-4C85-B182-449F84572BA3}.Debug|iPhone.ActiveCfg = Debug|Any CPU
		{6ADEEF60-78D6-4C85-B182-449F84572BA3}.Debug|iPhone.Build.0 = Debug|Any CPU
		{6ADEEF60-78D6-4C85-B182-449F84572BA3}.Release|iPhone.ActiveCfg = Release|Any CPU
		{6ADEEF60-78D6-4C85-B182-449F84572BA3}.Release|iPhone.Build.0 = Release|Any CPU
		{6ADEEF60-78D6-4C85-B182-449F84572BA3}.Ad-Hoc|iPhone.ActiveCfg = Debug|Any CPU
		{6ADEEF60-78D6-4C85-B182-449F84572BA3}.Ad-Hoc|iPhone.Build.0 = Debug|Any CPU
		{6ADEEF60-78D6-4C85-B182-449F84572BA3}.AppStore|iPhone.ActiveCfg = Debug|Any CPU
		{6ADEEF60-78D6-4C85-B182-449F84572BA3}.AppStore|iPhone.Build.0 = Debug|Any CPU
		{56E1B727-C36D-4E50-B24F-C25DEF44844B}.Debug|Any CPU.ActiveCfg = Debug|iPhoneSimulator
		{56E1B727-C36D-4E50-B24F-C25DEF44844B}.Debug|Any CPU.Build.0 = Debug|iPhoneSimulator
		{56E1B727-C36D-4E50-B24F-C25DEF44844B}.Release|Any CPU.ActiveCfg = Release|iPhoneSimulator
		{56E1B727-C36D-4E50-B24F-C25DEF44844B}.Release|Any CPU.Build.0 = Release|iPhoneSimulator
		{56E1B727-C36D-4E50-B24F-C25DEF44844B}.Debug|iPhoneSimulator.ActiveCfg = Debug|iPhoneSimulator
		{56E1B727-C36D-4E50-B24F-C25DEF44844B}.Debug|iPhoneSimulator.Build.0 = Debug|iPhoneSimulator
		{56E1B727-C36D-4E50-B24F-C25DEF44844B}.Release|iPhoneSimulator.ActiveCfg = Release|iPhoneSimulator
		{56E1B727-C36D-4E50-B24F-C25DEF44844B}.Release|iPhoneSimulator.Build.0 = Release|iPhoneSimulator
		{56E1B727-C36D-4E50-B24F-C25DEF44844B}.Debug|iPhone.ActiveCfg = Debug|iPhone
		{56E1B727-C36D-4E50-B24F-C25DEF44844B}.Debug|iPhone.Build.0 = Debug|iPhone
		{56E1B727-C36D-4E50-B24F-C25DEF44844B}.Release|iPhone.ActiveCfg = Release|iPhone
		{56E1B727-C36D-4E50-B24F-C25DEF44844B}.Release|iPhone.Build.0 = Release|iPhone
		{56E1B727-C36D-4E50-B24F-C25DEF44844B}.Ad-Hoc|iPhone.ActiveCfg = Ad-Hoc|iPhone
		{56E1B727-C36D-4E50-B24F-C25DEF44844B}.Ad-Hoc|iPhone.Build.0 = Ad-Hoc|iPhone
		{56E1B727-C36D-4E50-B24F-C25DEF44844B}.AppStore|iPhone.ActiveCfg = AppStore|iPhone
		{56E1B727-C36D-4E50-B24F-C25DEF44844B}.AppStore|iPhone.Build.0 = AppStore|iPhone
		{8DEBE329-3409-4ED7-AFD6-93ED7053107D}.Debug|Any CPU.ActiveCfg = Debug|Any CPU
		{8DEBE329-3409-4ED7-AFD6-93ED7053107D}.Debug|Any CPU.Build.0 = Debug|Any CPU
		{8DEBE329-3409-4ED7-AFD6-93ED7053107D}.Release|Any CPU.ActiveCfg = Release|Any CPU
		{8DEBE329-3409-4ED7-AFD6-93ED7053107D}.Release|Any CPU.Build.0 = Release|Any CPU
		{8DEBE329-3409-4ED7-AFD6-93ED7053107D}.Debug|iPhoneSimulator.ActiveCfg = Debug|Any CPU
		{8DEBE329-3409-4ED7-AFD6-93ED7053107D}.Debug|iPhoneSimulator.Build.0 = Debug|Any CPU
		{8DEBE329-3409-4ED7-AFD6-93ED7053107D}.Release|iPhoneSimulator.ActiveCfg = Release|Any CPU
		{8DEBE329-3409-4ED7-AFD6-93ED7053107D}.Release|iPhoneSimulator.Build.0 = Release|Any CPU
		{8DEBE329-3409-4ED7-AFD6-93ED7053107D}.Debug|iPhone.ActiveCfg = Debug|Any CPU
		{8DEBE329-3409-4ED7-AFD6-93ED7053107D}.Debug|iPhone.Build.0 = Debug|Any CPU
		{8DEBE329-3409-4ED7-AFD6-93ED7053107D}.Release|iPhone.ActiveCfg = Release|Any CPU
		{8DEBE329-3409-4ED7-AFD6-93ED7053107D}.Release|iPhone.Build.0 = Release|Any CPU
		{8DEBE329-3409-4ED7-AFD6-93ED7053107D}.Ad-Hoc|iPhone.ActiveCfg = Debug|Any CPU
		{8DEBE329-3409-4ED7-AFD6-93ED7053107D}.Ad-Hoc|iPhone.Build.0 = Debug|Any CPU
		{8DEBE329-3409-4ED7-AFD6-93ED7053107D}.AppStore|iPhone.ActiveCfg = Debug|Any CPU
		{8DEBE329-3409-4ED7-AFD6-93ED7053107D}.AppStore|iPhone.Build.0 = Debug|Any CPU
	EndGlobalSection
EndGlobal
